// !$*UTF8*$!
{
	archiveVersion = 1;
	classes = {
	};
	objectVersion = 46;
	objects = {

/* Begin PBXBuildFile section */
		55A8461A15A2406F00CE08C4 /* Cocoa.framework in Frameworks */ = {isa = PBXBuildFile; fileRef = 55A8461915A2406F00CE08C4 /* Cocoa.framework */; };
		55A8462415A2407000CE08C4 /* InfoPlist.strings in Resources */ = {isa = PBXBuildFile; fileRef = 55A8462215A2407000CE08C4 /* InfoPlist.strings */; };
		55A8462615A2407000CE08C4 /* main.m in Sources */ = {isa = PBXBuildFile; fileRef = 55A8462515A2407000CE08C4 /* main.m */; };
		55A8462A15A2407000CE08C4 /* Credits.rtf in Resources */ = {isa = PBXBuildFile; fileRef = 55A8462815A2407000CE08C4 /* Credits.rtf */; };
		55A8462D15A2407000CE08C4 /* AppDelegate.m in Sources */ = {isa = PBXBuildFile; fileRef = 55A8462C15A2407000CE08C4 /* AppDelegate.m */; };
		55A8463015A2407000CE08C4 /* MainMenu.xib in Resources */ = {isa = PBXBuildFile; fileRef = 55A8462E15A2407000CE08C4 /* MainMenu.xib */; };
		55A8463815A242BB00CE08C4 /* CustomTextField.m in Sources */ = {isa = PBXBuildFile; fileRef = 55A8463715A242BB00CE08C4 /* CustomTextField.m */; };
/* End PBXBuildFile section */

/* Begin PBXFileReference section */
		55A8461515A2406F00CE08C4 /* CustomTextField.app */ = {isa = PBXFileReference; explicitFileType = wrapper.application; includeInIndex = 0; path = CustomTextField.app; sourceTree = BUILT_PRODUCTS_DIR; };
		55A8461915A2406F00CE08C4 /* Cocoa.framework */ = {isa = PBXFileReference; lastKnownFileType = wrapper.framework; name = Cocoa.framework; path = System/Library/Frameworks/Cocoa.framework; sourceTree = SDKROOT; };
		55A8461C15A2406F00CE08C4 /* AppKit.framework */ = {isa = PBXFileReference; lastKnownFileType = wrapper.framework; name = AppKit.framework; path = System/Library/Frameworks/AppKit.framework; sourceTree = SDKROOT; };
		55A8461D15A2406F00CE08C4 /* CoreData.framework */ = {isa = PBXFileReference; lastKnownFileType = wrapper.framework; name = CoreData.framework; path = System/Library/Frameworks/CoreData.framework; sourceTree = SDKROOT; };
		55A8461E15A2406F00CE08C4 /* Foundation.framework */ = {isa = PBXFileReference; lastKnownFileType = wrapper.framework; name = Foundation.framework; path = System/Library/Frameworks/Foundation.framework; sourceTree = SDKROOT; };
		55A8462115A2407000CE08C4 /* CustomTextField-Info.plist */ = {isa = PBXFileReference; lastKnownFileType = text.plist.xml; path = "CustomTextField-Info.plist"; sourceTree = "<group>"; };
		55A8462315A2407000CE08C4 /* en */ = {isa = PBXFileReference; lastKnownFileType = text.plist.strings; name = en; path = en.lproj/InfoPlist.strings; sourceTree = "<group>"; };
		55A8462515A2407000CE08C4 /* main.m */ = {isa = PBXFileReference; lastKnownFileType = sourcecode.c.objc; path = main.m; sourceTree = "<group>"; };
		55A8462715A2407000CE08C4 /* CustomTextField-Prefix.pch */ = {isa = PBXFileReference; lastKnownFileType = sourcecode.c.h; path = "CustomTextField-Prefix.pch"; sourceTree = "<group>"; };
		55A8462915A2407000CE08C4 /* en */ = {isa = PBXFileReference; lastKnownFileType = text.rtf; name = en; path = en.lproj/Credits.rtf; sourceTree = "<group>"; };
		55A8462B15A2407000CE08C4 /* AppDelegate.h */ = {isa = PBXFileReference; lastKnownFileType = sourcecode.c.h; path = AppDelegate.h; sourceTree = "<group>"; };
		55A8462C15A2407000CE08C4 /* AppDelegate.m */ = {isa = PBXFileReference; lastKnownFileType = sourcecode.c.objc; path = AppDelegate.m; sourceTree = "<group>"; };
		55A8462F15A2407000CE08C4 /* en */ = {isa = PBXFileReference; lastKnownFileType = file.xib; name = en; path = en.lproj/MainMenu.xib; sourceTree = "<group>"; };
		55A8463615A242BB00CE08C4 /* CustomTextField.h */ = {isa = PBXFileReference; fileEncoding = 4; lastKnownFileType = sourcecode.c.h; path = CustomTextField.h; sourceTree = "<group>"; };
		55A8463715A242BB00CE08C4 /* CustomTextField.m */ = {isa = PBXFileReference; fileEncoding = 4; lastKnownFileType = sourcecode.c.objc; path = CustomTextField.m; sourceTree = "<group>"; };
/* End PBXFileReference section */

/* Begin PBXFrameworksBuildPhase section */
		55A8461215A2406F00CE08C4 /* Frameworks */ = {
			isa = PBXFrameworksBuildPhase;
			buildActionMask = 2147483647;
			files = (
				55A8461A15A2406F00CE08C4 /* Cocoa.framework in Frameworks */,
			);
			runOnlyForDeploymentPostprocessing = 0;
		};
/* End PBXFrameworksBuildPhase section */

/* Begin PBXGroup section */
		55A8460A15A2406F00CE08C4 = {
			isa = PBXGroup;
			children = (
				55A8461F15A2406F00CE08C4 /* CustomTextField */,
				55A8461815A2406F00CE08C4 /* Frameworks */,
				55A8461615A2406F00CE08C4 /* Products */,
			);
			sourceTree = "<group>";
		};
		55A8461615A2406F00CE08C4 /* Products */ = {
			isa = PBXGroup;
			children = (
				55A8461515A2406F00CE08C4 /* CustomTextField.app */,
			);
			name = Products;
			sourceTree = "<group>";
		};
		55A8461815A2406F00CE08C4 /* Frameworks */ = {
			isa = PBXGroup;
			children = (
				55A8461915A2406F00CE08C4 /* Cocoa.framework */,
				55A8461B15A2406F00CE08C4 /* Other Frameworks */,
			);
			name = Frameworks;
			sourceTree = "<group>";
		};
		55A8461B15A2406F00CE08C4 /* Other Frameworks */ = {
			isa = PBXGroup;
			children = (
				55A8461C15A2406F00CE08C4 /* AppKit.framework */,
				55A8461D15A2406F00CE08C4 /* CoreData.framework */,
				55A8461E15A2406F00CE08C4 /* Foundation.framework */,
			);
			name = "Other Frameworks";
			sourceTree = "<group>";
		};
		55A8461F15A2406F00CE08C4 /* CustomTextField */ = {
			isa = PBXGroup;
			children = (
				55A8462B15A2407000CE08C4 /* AppDelegate.h */,
				55A8462C15A2407000CE08C4 /* AppDelegate.m */,
				55A8462E15A2407000CE08C4 /* MainMenu.xib */,
				55A8463615A242BB00CE08C4 /* CustomTextField.h */,
				55A8463715A242BB00CE08C4 /* CustomTextField.m */,
				55A8462015A2407000CE08C4 /* Supporting Files */,
			);
			path = CustomTextField;
			sourceTree = "<group>";
		};
		55A8462015A2407000CE08C4 /* Supporting Files */ = {
			isa = PBXGroup;
			children = (
				55A8462115A2407000CE08C4 /* CustomTextField-Info.plist */,
				55A8462215A2407000CE08C4 /* InfoPlist.strings */,
				55A8462515A2407000CE08C4 /* main.m */,
				55A8462715A2407000CE08C4 /* CustomTextField-Prefix.pch */,
				55A8462815A2407000CE08C4 /* Credits.rtf */,
			);
			name = "Supporting Files";
			sourceTree = "<group>";
		};
/* End PBXGroup section */

/* Begin PBXNativeTarget section */
		55A8461415A2406F00CE08C4 /* CustomTextField */ = {
			isa = PBXNativeTarget;
			buildConfigurationList = 55A8463315A2407000CE08C4 /* Build configuration list for PBXNativeTarget "CustomTextField" */;
			buildPhases = (
				55A8461115A2406F00CE08C4 /* Sources */,
				55A8461215A2406F00CE08C4 /* Frameworks */,
				55A8461315A2406F00CE08C4 /* Resources */,
			);
			buildRules = (
			);
			dependencies = (
			);
			name = CustomTextField;
			productName = CustomTextField;
			productReference = 55A8461515A2406F00CE08C4 /* CustomTextField.app */;
			productType = "com.apple.product-type.application";
		};
/* End PBXNativeTarget section */

/* Begin PBXProject section */
		55A8460C15A2406F00CE08C4 /* Project object */ = {
			isa = PBXProject;
			attributes = {
				LastUpgradeCheck = 0420;
			};
			buildConfigurationList = 55A8460F15A2406F00CE08C4 /* Build configuration list for PBXProject "CustomTextField" */;
			compatibilityVersion = "Xcode 3.2";
			developmentRegion = English;
			hasScannedForEncodings = 0;
			knownRegions = (
				en,
			);
			mainGroup = 55A8460A15A2406F00CE08C4;
			productRefGroup = 55A8461615A2406F00CE08C4 /* Products */;
			projectDirPath = "";
			projectRoot = "";
			targets = (
				55A8461415A2406F00CE08C4 /* CustomTextField */,
			);
		};
/* End PBXProject section */

/* Begin PBXResourcesBuildPhase section */
		55A8461315A2406F00CE08C4 /* Resources */ = {
			isa = PBXResourcesBuildPhase;
			buildActionMask = 2147483647;
			files = (
				55A8462415A2407000CE08C4 /* InfoPlist.strings in Resources */,
				55A8462A15A2407000CE08C4 /* Credits.rtf in Resources */,
				55A8463015A2407000CE08C4 /* MainMenu.xib in Resources */,
			);
			runOnlyForDeploymentPostprocessing = 0;
		};
/* End PBXResourcesBuildPhase section */

/* Begin PBXSourcesBuildPhase section */
		55A8461115A2406F00CE08C4 /* Sources */ = {
			isa = PBXSourcesBuildPhase;
			buildActionMask = 2147483647;
			files = (
				55A8462615A2407000CE08C4 /* main.m in Sources */,
				55A8462D15A2407000CE08C4 /* AppDelegate.m in Sources */,
				55A8463815A242BB00CE08C4 /* CustomTextField.m in Sources */,
			);
			runOnlyForDeploymentPostprocessing = 0;
		};
/* End PBXSourcesBuildPhase section */

/* Begin PBXVariantGroup section */
		55A8462215A2407000CE08C4 /* InfoPlist.strings */ = {
			isa = PBXVariantGroup;
			children = (
				55A8462315A2407000CE08C4 /* en */,
			);
			name = InfoPlist.strings;
			sourceTree = "<group>";
		};
		55A8462815A2407000CE08C4 /* Credits.rtf */ = {
			isa = PBXVariantGroup;
			children = (
				55A8462915A2407000CE08C4 /* en */,
			);
			name = Credits.rtf;
			sourceTree = "<group>";
		};
		55A8462E15A2407000CE08C4 /* MainMenu.xib */ = {
			isa = PBXVariantGroup;
			children = (
				55A8462F15A2407000CE08C4 /* en */,
			);
			name = MainMenu.xib;
			sourceTree = "<group>";
		};
/* End PBXVariantGroup section */

/* Begin XCBuildConfiguration section */
		55A8463115A2407000CE08C4 /* Debug */ = {
			isa = XCBuildConfiguration;
			buildSettings = {
				ALWAYS_SEARCH_USER_PATHS = NO;
				ARCHS = "$(ARCHS_STANDARD_64_BIT)";
				COPY_PHASE_STRIP = NO;
				GCC_C_LANGUAGE_STANDARD = gnu99;
				GCC_DYNAMIC_NO_PIC = NO;
				GCC_ENABLE_OBJC_EXCEPTIONS = YES;
				GCC_OPTIMIZATION_LEVEL = 0;
				GCC_PREPROCESSOR_DEFINITIONS = (
					"DEBUG=1",
					"$(inherited)",
				);
				GCC_SYMBOLS_PRIVATE_EXTERN = NO;
				GCC_VERSION = com.apple.compilers.llvm.clang.1_0;
				GCC_WARN_64_TO_32_BIT_CONVERSION = YES;
				GCC_WARN_ABOUT_MISSING_PROTOTYPES = YES;
				GCC_WARN_ABOUT_RETURN_TYPE = YES;
				GCC_WARN_UNUSED_VARIABLE = YES;
				MACOSX_DEPLOYMENT_TARGET = 10.7;
				ONLY_ACTIVE_ARCH = YES;
				SDKROOT = macosx;
			};
			name = Debug;
		};
		55A8463215A2407000CE08C4 /* Release */ = {
			isa = XCBuildConfiguration;
			buildSettings = {
				ALWAYS_SEARCH_USER_PATHS = NO;
				ARCHS = "$(ARCHS_STANDARD_64_BIT)";
				COPY_PHASE_STRIP = YES;
				DEBUG_INFORMATION_FORMAT = "dwarf-with-dsym";
				GCC_C_LANGUAGE_STANDARD = gnu99;
				GCC_ENABLE_OBJC_EXCEPTIONS = YES;
				GCC_VERSION = com.apple.compilers.llvm.clang.1_0;
				GCC_WARN_64_TO_32_BIT_CONVERSION = YES;
				GCC_WARN_ABOUT_MISSING_PROTOTYPES = YES;
				GCC_WARN_ABOUT_RETURN_TYPE = YES;
				GCC_WARN_UNUSED_VARIABLE = YES;
				MACOSX_DEPLOYMENT_TARGET = 10.7;
				SDKROOT = macosx;
			};
			name = Release;
		};
		55A8463415A2407000CE08C4 /* Debug */ = {
			isa = XCBuildConfiguration;
			buildSettings = {
				GCC_ENABLE_OBJC_GC = required;
				GCC_PRECOMPILE_PREFIX_HEADER = YES;
				GCC_PREFIX_HEADER = "CustomTextField/CustomTextField-Prefix.pch";
				INFOPLIST_FILE = "CustomTextField/CustomTextField-Info.plist";
				PRODUCT_NAME = "$(TARGET_NAME)";
				WRAPPER_EXTENSION = app;
			};
			name = Debug;
		};
		55A8463515A2407000CE08C4 /* Release */ = {
			isa = XCBuildConfiguration;
			buildSettings = {
				GCC_ENABLE_OBJC_GC = required;
				GCC_PRECOMPILE_PREFIX_HEADER = YES;
				GCC_PREFIX_HEADER = "CustomTextField/CustomTextField-Prefix.pch";
				INFOPLIST_FILE = "CustomTextField/CustomTextField-Info.plist";
				PRODUCT_NAME = "$(TARGET_NAME)";
				WRAPPER_EXTENSION = app;
			};
			name = Release;
		};
/* End XCBuildConfiguration section */

/* Begin XCConfigurationList section */
		55A8460F15A2406F00CE08C4 /* Build configuration list for PBXProject "CustomTextField" */ = {
			isa = XCConfigurationList;
			buildConfigurations = (
				55A8463115A2407000CE08C4 /* Debug */,
				55A8463215A2407000CE08C4 /* Release */,
			);
			defaultConfigurationIsVisible = 0;
			defaultConfigurationName = Release;
		};
		55A8463315A2407000CE08C4 /* Build configuration list for PBXNativeTarget "CustomTextField" */ = {
			isa = XCConfigurationList;
			buildConfigurations = (
				55A8463415A2407000CE08C4 /* Debug */,
				55A8463515A2407000CE08C4 /* Release */,
			);
			defaultConfigurationIsVisible = 0;
		};
/* End XCConfigurationList section */
	};
	rootObject = 55A8460C15A2406F00CE08C4 /* Project object */;
}
